
Microsoft Visual Studio Solution File, Format Version 12.00
# Visual Studio Version 16
VisualStudioVersion = 16.0.29306.81
MinimumVisualStudioVersion = 10.0.40219.1
Project("{FAE04EC0-301F-11D3-BF4B-00C04F79EFBC}") = "Wheres My Cursor", "Wheres My Cursor\Wheres My Cursor.csproj", "{2333955A-2D28-461F-A676-AB50A8C3100A}"
EndProject
Global
	GlobalSection(SolutionConfigurationPlatforms) = preSolution
		Debug|Any CPU = Debug|Any CPU
		Release|Any CPU = Release|Any CPU
	EndGlobalSection
	GlobalSection(ProjectConfigurationPlatforms) = postSolution
		{2333955A-2D28-461F-A676-AB50A8C3100A}.Debug|Any CPU.ActiveCfg = Debug|Any CPU
		{2333955A-2D28-461F-A676-AB50A8C3100A}.Debug|Any CPU.Build.0 = Debug|Any CPU
		{2333955A-2D28-461F-A676-AB50A8C3100A}.Release|Any CPU.ActiveCfg = Release|Any CPU
		{2333955A-2D28-461F-A676-AB50A8C3100A}.Release|Any CPU.Build.0 = Release|Any CPU
	EndGlobalSection
	GlobalSection(SolutionProperties) = preSolution
		HideSolutionNode = FALSE
	EndGlobalSection
	GlobalSection(ExtensibilityGlobals) = postSolution
		SolutionGuid = {9B1DE223-47D3-450F-8639-6A84CE55BDC4}
	EndGlobalSection
EndGlobal
